// !$*UTF8*$!
{
	archiveVersion = 1;
	classes = {
	};
	objectVersion = 46;
	objects = {

/* Begin PBXBuildFile section */
		4A25CB9D1CF3A61300F02CF8 /* CleanroomConcurrency.framework in Frameworks */ = {isa = PBXBuildFile; fileRef = 4A25C4E71CF3A59B00F02CF8 /* CleanroomConcurrency.framework */; };
		4A25CB9E1CF3A61300F02CF8 /* CleanroomConcurrency.framework in Embed Frameworks */ = {isa = PBXBuildFile; fileRef = 4A25C4E71CF3A59B00F02CF8 /* CleanroomConcurrency.framework */; settings = {ATTRIBUTES = (CodeSignOnCopy, RemoveHeadersOnCopy, ); }; };
		4A25CB9F1CF3A61300F02CF8 /* CleanroomDataTransactions.framework in Frameworks */ = {isa = PBXBuildFile; fileRef = 4A25C4E91CF3A59B00F02CF8 /* CleanroomDataTransactions.framework */; };
		4A25CBA01CF3A61300F02CF8 /* CleanroomDataTransactions.framework in Embed Frameworks */ = {isa = PBXBuildFile; fileRef = 4A25C4E91CF3A59B00F02CF8 /* CleanroomDataTransactions.framework */; settings = {ATTRIBUTES = (CodeSignOnCopy, RemoveHeadersOnCopy, ); }; };
		4A25CBA11CF3A61300F02CF8 /* CleanroomDateTime.framework in Frameworks */ = {isa = PBXBuildFile; fileRef = 4A25C4EB1CF3A59B00F02CF8 /* CleanroomDateTime.framework */; };
		4A25CBA21CF3A61300F02CF8 /* CleanroomDateTime.framework in Embed Frameworks */ = {isa = PBXBuildFile; fileRef = 4A25C4EB1CF3A59B00F02CF8 /* CleanroomDateTime.framework */; settings = {ATTRIBUTES = (CodeSignOnCopy, RemoveHeadersOnCopy, ); }; };
		4A25CBA31CF3A61300F02CF8 /* OMGHTTPURLRQ.framework in Frameworks */ = {isa = PBXBuildFile; fileRef = 4A25C4EE1CF3A59B00F02CF8 /* OMGHTTPURLRQ.framework */; };
		4A25CBA41CF3A61300F02CF8 /* OMGHTTPURLRQ.framework in Embed Frameworks */ = {isa = PBXBuildFile; fileRef = 4A25C4EE1CF3A59B00F02CF8 /* OMGHTTPURLRQ.framework */; settings = {ATTRIBUTES = (CodeSignOnCopy, RemoveHeadersOnCopy, ); }; };
		4A25CBA51CF3A61300F02CF8 /* PromiseKit.framework in Frameworks */ = {isa = PBXBuildFile; fileRef = 4A25C4F01CF3A59B00F02CF8 /* PromiseKit.framework */; };
		4A25CBA61CF3A61300F02CF8 /* PromiseKit.framework in Embed Frameworks */ = {isa = PBXBuildFile; fileRef = 4A25C4F01CF3A59B00F02CF8 /* PromiseKit.framework */; settings = {ATTRIBUTES = (CodeSignOnCopy, RemoveHeadersOnCopy, ); }; };
		4A3C14CA1CF393FE002DA677 /* FSVenuesTests.swift in Sources */ = {isa = PBXBuildFile; fileRef = 4A3C14C61CF393C5002DA677 /* FSVenuesTests.swift */; };
		4A3C14CB1CF393FE002DA677 /* Info.plist in Sources */ = {isa = PBXBuildFile; fileRef = 4A3C14C71CF393C5002DA677 /* Info.plist */; };
		4A3C14F31CF39522002DA677 /* AppDelegate.swift in Sources */ = {isa = PBXBuildFile; fileRef = 4A3C14D51CF39522002DA677 /* AppDelegate.swift */; };
		4A3C14F41CF39522002DA677 /* Assets.xcassets in Resources */ = {isa = PBXBuildFile; fileRef = 4A3C14D61CF39522002DA677 /* Assets.xcassets */; };
		4A3C14F51CF39522002DA677 /* LaunchScreen.storyboard in Resources */ = {isa = PBXBuildFile; fileRef = 4A3C14D71CF39522002DA677 /* LaunchScreen.storyboard */; };
		4A3C14FE1CF39522002DA677 /* VenueTableHeaderViewCell.swift in Sources */ = {isa = PBXBuildFile; fileRef = 4A3C14E71CF39522002DA677 /* VenueTableHeaderViewCell.swift */; };
		4A3C14FF1CF39522002DA677 /* VenueTableViewCell.swift in Sources */ = {isa = PBXBuildFile; fileRef = 4A3C14E81CF39522002DA677 /* VenueTableViewCell.swift */; };
		4A3C15011CF39522002DA677 /* UIViewControllerProgressIndicator.swift in Sources */ = {isa = PBXBuildFile; fileRef = 4A3C14EB1CF39522002DA677 /* UIViewControllerProgressIndicator.swift */; };
		4A3C15021CF39522002DA677 /* VenueDetailsViewController.swift in Sources */ = {isa = PBXBuildFile; fileRef = 4A3C14EC1CF39522002DA677 /* VenueDetailsViewController.swift */; };
		4A3C15031CF39522002DA677 /* VenueListViewController.swift in Sources */ = {isa = PBXBuildFile; fileRef = 4A3C14ED1CF39522002DA677 /* VenueListViewController.swift */; };
		4A3C15041CF39522002DA677 /* VenueListViewControllerCLLocationManagerDelegate.swift in Sources */ = {isa = PBXBuildFile; fileRef = 4A3C14EE1CF39522002DA677 /* VenueListViewControllerCLLocationManagerDelegate.swift */; };
		4AAD7F0D1CF3B41300B8DA65 /* CoreLocation.framework in Frameworks */ = {isa = PBXBuildFile; fileRef = 4AAD7F0C1CF3B41300B8DA65 /* CoreLocation.framework */; };
		4AAD7F2F1CF4562F00B8DA65 /* Foursquare.swift in Sources */ = {isa = PBXBuildFile; fileRef = 4AAD7F231CF4562F00B8DA65 /* Foursquare.swift */; };
		4AAD7F301CF4562F00B8DA65 /* Photo.swift in Sources */ = {isa = PBXBuildFile; fileRef = 4AAD7F241CF4562F00B8DA65 /* Photo.swift */; };
		4AAD7F311CF4562F00B8DA65 /* Venue.swift in Sources */ = {isa = PBXBuildFile; fileRef = 4AAD7F251CF4562F00B8DA65 /* Venue.swift */; };
		4AAD7F321CF4562F00B8DA65 /* VenueDetailsResponse.swift in Sources */ = {isa = PBXBuildFile; fileRef = 4AAD7F261CF4562F00B8DA65 /* VenueDetailsResponse.swift */; };
		4AAD7F331CF4562F00B8DA65 /* VenueDetailsResponseWrapper.swift in Sources */ = {isa = PBXBuildFile; fileRef = 4AAD7F271CF4562F00B8DA65 /* VenueDetailsResponseWrapper.swift */; };
		4AAD7F341CF4562F00B8DA65 /* VenueExploreResponse.swift in Sources */ = {isa = PBXBuildFile; fileRef = 4AAD7F281CF4562F00B8DA65 /* VenueExploreResponse.swift */; };
		4AAD7F351CF4562F00B8DA65 /* VenueExploreResponseWrapper.swift in Sources */ = {isa = PBXBuildFile; fileRef = 4AAD7F291CF4562F00B8DA65 /* VenueExploreResponseWrapper.swift */; };
		4AAD7F361CF4562F00B8DA65 /* VenueGroup.swift in Sources */ = {isa = PBXBuildFile; fileRef = 4AAD7F2A1CF4562F00B8DA65 /* VenueGroup.swift */; };
		4AAD7F371CF4562F00B8DA65 /* VenueItem.swift in Sources */ = {isa = PBXBuildFile; fileRef = 4AAD7F2B1CF4562F00B8DA65 /* VenueItem.swift */; };
		4AAD7F381CF4562F00B8DA65 /* VenueGetVenuesByVenueId.swift in Sources */ = {isa = PBXBuildFile; fileRef = 4AAD7F2D1CF4562F00B8DA65 /* VenueGetVenuesByVenueId.swift */; };
		4AAD7F391CF4562F00B8DA65 /* VenueGetVenuesExplore.swift in Sources */ = {isa = PBXBuildFile; fileRef = 4AAD7F2E1CF4562F00B8DA65 /* VenueGetVenuesExplore.swift */; };
		4AAD7F3D1CF45F8600B8DA65 /* FourSquareAPIConstants.swift in Sources */ = {isa = PBXBuildFile; fileRef = 4AAD7F3C1CF45F8600B8DA65 /* FourSquareAPIConstants.swift */; };
		4AAD7F3F1CF4793900B8DA65 /* Info.plist in Resources */ = {isa = PBXBuildFile; fileRef = 4AAD7F3E1CF4793900B8DA65 /* Info.plist */; };
		4AAD7F411CF47A5800B8DA65 /* default 13.00.58.gpx in Resources */ = {isa = PBXBuildFile; fileRef = 4AAD7F401CF47A5800B8DA65 /* default 13.00.58.gpx */; };
/* End PBXBuildFile section */

/* Begin PBXContainerItemProxy section */
		4AB9F0031BF637D1008B616C /* PBXContainerItemProxy */ = {
			isa = PBXContainerItemProxy;
			containerPortal = 4AB9EFE61BF637D1008B616C /* Project object */;
			proxyType = 1;
			remoteGlobalIDString = 4AB9EFED1BF637D1008B616C;
			remoteInfo = FSVenues;
		};
/* End PBXContainerItemProxy section */

/* Begin PBXCopyFilesBuildPhase section */
		4A25CBA71CF3A61300F02CF8 /* Embed Frameworks */ = {
			isa = PBXCopyFilesBuildPhase;
			buildActionMask = 2147483647;
			dstPath = "";
			dstSubfolderSpec = 10;
			files = (
				4A25CBA01CF3A61300F02CF8 /* CleanroomDataTransactions.framework in Embed Frameworks */,
				4A25CBA21CF3A61300F02CF8 /* CleanroomDateTime.framework in Embed Frameworks */,
				4A25CBA61CF3A61300F02CF8 /* PromiseKit.framework in Embed Frameworks */,
				4A25CB9E1CF3A61300F02CF8 /* CleanroomConcurrency.framework in Embed Frameworks */,
				4A25CBA41CF3A61300F02CF8 /* OMGHTTPURLRQ.framework in Embed Frameworks */,
			);
			name = "Embed Frameworks";
			runOnlyForDeploymentPostprocessing = 0;
		};
/* End PBXCopyFilesBuildPhase section */

/* Begin PBXFileReference section */
		4A1458851CF3779F00694BBF /* Cartfile */ = {isa = PBXFileReference; fileEncoding = 4; lastKnownFileType = text; path = Cartfile; sourceTree = "<group>"; };
		4A25C4E71CF3A59B00F02CF8 /* CleanroomConcurrency.framework */ = {isa = PBXFileReference; lastKnownFileType = wrapper.framework; path = CleanroomConcurrency.framework; sourceTree = "<group>"; };
		4A25C4E91CF3A59B00F02CF8 /* CleanroomDataTransactions.framework */ = {isa = PBXFileReference; lastKnownFileType = wrapper.framework; path = CleanroomDataTransactions.framework; sourceTree = "<group>"; };
		4A25C4EB1CF3A59B00F02CF8 /* CleanroomDateTime.framework */ = {isa = PBXFileReference; lastKnownFileType = wrapper.framework; path = CleanroomDateTime.framework; sourceTree = "<group>"; };
		4A25C4EE1CF3A59B00F02CF8 /* OMGHTTPURLRQ.framework */ = {isa = PBXFileReference; lastKnownFileType = wrapper.framework; path = OMGHTTPURLRQ.framework; sourceTree = "<group>"; };
		4A25C4F01CF3A59B00F02CF8 /* PromiseKit.framework */ = {isa = PBXFileReference; lastKnownFileType = wrapper.framework; path = PromiseKit.framework; sourceTree = "<group>"; };
		4A25C4F31CF3A59B00F02CF8 /* CleanroomConcurrency.framework */ = {isa = PBXFileReference; lastKnownFileType = wrapper.framework; path = CleanroomConcurrency.framework; sourceTree = "<group>"; };
		4A25C4F51CF3A59B00F02CF8 /* CleanroomDataTransactions.framework */ = {isa = PBXFileReference; lastKnownFileType = wrapper.framework; path = CleanroomDataTransactions.framework; sourceTree = "<group>"; };
		4A25C4F71CF3A59B00F02CF8 /* CleanroomDateTime.framework */ = {isa = PBXFileReference; lastKnownFileType = wrapper.framework; path = CleanroomDateTime.framework; sourceTree = "<group>"; };
		4A25C4F91CF3A59B00F02CF8 /* OMGHTTPURLRQ.framework */ = {isa = PBXFileReference; lastKnownFileType = wrapper.framework; path = OMGHTTPURLRQ.framework; sourceTree = "<group>"; };
		4A25C4FB1CF3A59B00F02CF8 /* PromiseKit.framework */ = {isa = PBXFileReference; lastKnownFileType = wrapper.framework; path = PromiseKit.framework; sourceTree = "<group>"; };
		4A25C5021CF3A59B00F02CF8 /* CleanroomConcurrency.framework */ = {isa = PBXFileReference; lastKnownFileType = wrapper.framework; path = CleanroomConcurrency.framework; sourceTree = "<group>"; };
		4A25C5041CF3A59B00F02CF8 /* CleanroomDataTransactions.framework */ = {isa = PBXFileReference; lastKnownFileType = wrapper.framework; path = CleanroomDataTransactions.framework; sourceTree = "<group>"; };
		4A25C5061CF3A59B00F02CF8 /* CleanroomDateTime.framework */ = {isa = PBXFileReference; lastKnownFileType = wrapper.framework; path = CleanroomDateTime.framework; sourceTree = "<group>"; };
		4A25C5091CF3A59B00F02CF8 /* OMGHTTPURLRQ.framework */ = {isa = PBXFileReference; lastKnownFileType = wrapper.framework; path = OMGHTTPURLRQ.framework; sourceTree = "<group>"; };
		4A25C50B1CF3A59B00F02CF8 /* PromiseKit.framework */ = {isa = PBXFileReference; lastKnownFileType = wrapper.framework; path = PromiseKit.framework; sourceTree = "<group>"; };
		4A25C5121CF3A59B00F02CF8 /* CleanroomConcurrency.framework */ = {isa = PBXFileReference; lastKnownFileType = wrapper.framework; path = CleanroomConcurrency.framework; sourceTree = "<group>"; };
		4A25C5141CF3A59B00F02CF8 /* CleanroomDataTransactions.framework */ = {isa = PBXFileReference; lastKnownFileType = wrapper.framework; path = CleanroomDataTransactions.framework; sourceTree = "<group>"; };
		4A25C5161CF3A59B00F02CF8 /* CleanroomDateTime.framework */ = {isa = PBXFileReference; lastKnownFileType = wrapper.framework; path = CleanroomDateTime.framework; sourceTree = "<group>"; };
		4A25C5191CF3A59B00F02CF8 /* OMGHTTPURLRQ.framework */ = {isa = PBXFileReference; lastKnownFileType = wrapper.framework; path = OMGHTTPURLRQ.framework; sourceTree = "<group>"; };
		4A25C51B1CF3A59B00F02CF8 /* PromiseKit.framework */ = {isa = PBXFileReference; lastKnownFileType = wrapper.framework; path = PromiseKit.framework; sourceTree = "<group>"; };
		4A3C0E221CF390D9002DA677 /* Cartfile.resolved */ = {isa = PBXFileReference; fileEncoding = 4; lastKnownFileType = text; path = Cartfile.resolved; sourceTree = "<group>"; };
		4A3C14C61CF393C5002DA677 /* FSVenuesTests.swift */ = {isa = PBXFileReference; fileEncoding = 4; lastKnownFileType = sourcecode.swift; path = FSVenuesTests.swift; sourceTree = "<group>"; };
		4A3C14C71CF393C5002DA677 /* Info.plist */ = {isa = PBXFileReference; fileEncoding = 4; lastKnownFileType = text.plist.xml; path = Info.plist; sourceTree = "<group>"; };
		4A3C14D51CF39522002DA677 /* AppDelegate.swift */ = {isa = PBXFileReference; fileEncoding = 4; lastKnownFileType = sourcecode.swift; path = AppDelegate.swift; sourceTree = "<group>"; };
		4A3C14D61CF39522002DA677 /* Assets.xcassets */ = {isa = PBXFileReference; lastKnownFileType = folder.assetcatalog; name = Assets.xcassets; path = ../Sources/Assets.xcassets; sourceTree = "<group>"; };
		4A3C14D81CF39522002DA677 /* Base */ = {isa = PBXFileReference; lastKnownFileType = file.storyboard; name = Base; path = Base.lproj/LaunchScreen.storyboard; sourceTree = "<group>"; };
		4A3C14E71CF39522002DA677 /* VenueTableHeaderViewCell.swift */ = {isa = PBXFileReference; fileEncoding = 4; lastKnownFileType = sourcecode.swift; path = VenueTableHeaderViewCell.swift; sourceTree = "<group>"; };
		4A3C14E81CF39522002DA677 /* VenueTableViewCell.swift */ = {isa = PBXFileReference; fileEncoding = 4; lastKnownFileType = sourcecode.swift; path = VenueTableViewCell.swift; sourceTree = "<group>"; };
		4A3C14EB1CF39522002DA677 /* UIViewControllerProgressIndicator.swift */ = {isa = PBXFileReference; fileEncoding = 4; lastKnownFileType = sourcecode.swift; path = UIViewControllerProgressIndicator.swift; sourceTree = "<group>"; };
		4A3C14EC1CF39522002DA677 /* VenueDetailsViewController.swift */ = {isa = PBXFileReference; fileEncoding = 4; lastKnownFileType = sourcecode.swift; path = VenueDetailsViewController.swift; sourceTree = "<group>"; };
		4A3C14ED1CF39522002DA677 /* VenueListViewController.swift */ = {isa = PBXFileReference; fileEncoding = 4; lastKnownFileType = sourcecode.swift; path = VenueListViewController.swift; sourceTree = "<group>"; };
		4A3C14EE1CF39522002DA677 /* VenueListViewControllerCLLocationManagerDelegate.swift */ = {isa = PBXFileReference; fileEncoding = 4; lastKnownFileType = sourcecode.swift; path = VenueListViewControllerCLLocationManagerDelegate.swift; sourceTree = "<group>"; };
		4AAD7F0C1CF3B41300B8DA65 /* CoreLocation.framework */ = {isa = PBXFileReference; lastKnownFileType = wrapper.framework; name = CoreLocation.framework; path = System/Library/Frameworks/CoreLocation.framework; sourceTree = SDKROOT; };
		4AAD7F231CF4562F00B8DA65 /* Foursquare.swift */ = {isa = PBXFileReference; fileEncoding = 4; lastKnownFileType = sourcecode.swift; path = Foursquare.swift; sourceTree = "<group>"; };
		4AAD7F241CF4562F00B8DA65 /* Photo.swift */ = {isa = PBXFileReference; fileEncoding = 4; lastKnownFileType = sourcecode.swift; path = Photo.swift; sourceTree = "<group>"; };
		4AAD7F251CF4562F00B8DA65 /* Venue.swift */ = {isa = PBXFileReference; fileEncoding = 4; lastKnownFileType = sourcecode.swift; path = Venue.swift; sourceTree = "<group>"; };
		4AAD7F261CF4562F00B8DA65 /* VenueDetailsResponse.swift */ = {isa = PBXFileReference; fileEncoding = 4; lastKnownFileType = sourcecode.swift; path = VenueDetailsResponse.swift; sourceTree = "<group>"; };
		4AAD7F271CF4562F00B8DA65 /* VenueDetailsResponseWrapper.swift */ = {isa = PBXFileReference; fileEncoding = 4; lastKnownFileType = sourcecode.swift; path = VenueDetailsResponseWrapper.swift; sourceTree = "<group>"; };
		4AAD7F281CF4562F00B8DA65 /* VenueExploreResponse.swift */ = {isa = PBXFileReference; fileEncoding = 4; lastKnownFileType = sourcecode.swift; path = VenueExploreResponse.swift; sourceTree = "<group>"; };
		4AAD7F291CF4562F00B8DA65 /* VenueExploreResponseWrapper.swift */ = {isa = PBXFileReference; fileEncoding = 4; lastKnownFileType = sourcecode.swift; path = VenueExploreResponseWrapper.swift; sourceTree = "<group>"; };
		4AAD7F2A1CF4562F00B8DA65 /* VenueGroup.swift */ = {isa = PBXFileReference; fileEncoding = 4; lastKnownFileType = sourcecode.swift; path = VenueGroup.swift; sourceTree = "<group>"; };
		4AAD7F2B1CF4562F00B8DA65 /* VenueItem.swift */ = {isa = PBXFileReference; fileEncoding = 4; lastKnownFileType = sourcecode.swift; path = VenueItem.swift; sourceTree = "<group>"; };
		4AAD7F2D1CF4562F00B8DA65 /* VenueGetVenuesByVenueId.swift */ = {isa = PBXFileReference; fileEncoding = 4; lastKnownFileType = sourcecode.swift; path = VenueGetVenuesByVenueId.swift; sourceTree = "<group>"; };
		4AAD7F2E1CF4562F00B8DA65 /* VenueGetVenuesExplore.swift */ = {isa = PBXFileReference; fileEncoding = 4; lastKnownFileType = sourcecode.swift; path = VenueGetVenuesExplore.swift; sourceTree = "<group>"; };
		4AAD7F3C1CF45F8600B8DA65 /* FourSquareAPIConstants.swift */ = {isa = PBXFileReference; fileEncoding = 4; lastKnownFileType = sourcecode.swift; path = FourSquareAPIConstants.swift; sourceTree = "<group>"; };
		4AAD7F3E1CF4793900B8DA65 /* Info.plist */ = {isa = PBXFileReference; fileEncoding = 4; lastKnownFileType = text.plist.xml; path = Info.plist; sourceTree = "<group>"; };
		4AAD7F401CF47A5800B8DA65 /* default 13.00.58.gpx */ = {isa = PBXFileReference; fileEncoding = 4; lastKnownFileType = text.xml; path = "default 13.00.58.gpx"; sourceTree = "<group>"; };
		4AB9EFEE1BF637D1008B616C /* FSVenues.app */ = {isa = PBXFileReference; explicitFileType = wrapper.application; includeInIndex = 0; path = FSVenues.app; sourceTree = BUILT_PRODUCTS_DIR; };
		4AB9F0021BF637D1008B616C /* FSVenuesTests.xctest */ = {isa = PBXFileReference; explicitFileType = wrapper.cfbundle; includeInIndex = 0; path = FSVenuesTests.xctest; sourceTree = BUILT_PRODUCTS_DIR; };
		4AD1120A1C05E28800C90D63 /* README.md */ = {isa = PBXFileReference; fileEncoding = 4; lastKnownFileType = net.daringfireball.markdown; path = README.md; sourceTree = "<group>"; };
		4AFA6A7A1CF37F5A003FD5AE /* screen1.png */ = {isa = PBXFileReference; lastKnownFileType = image.png; path = screen1.png; sourceTree = "<group>"; };
		4AFA6A7B1CF37F5A003FD5AE /* screen2.png */ = {isa = PBXFileReference; lastKnownFileType = image.png; path = screen2.png; sourceTree = "<group>"; };
/* End PBXFileReference section */

/* Begin PBXFrameworksBuildPhase section */
		4AB9EFEB1BF637D1008B616C /* Frameworks */ = {
			isa = PBXFrameworksBuildPhase;
			buildActionMask = 2147483647;
			files = (
				4AAD7F0D1CF3B41300B8DA65 /* CoreLocation.framework in Frameworks */,
				4A25CB9F1CF3A61300F02CF8 /* CleanroomDataTransactions.framework in Frameworks */,
				4A25CBA11CF3A61300F02CF8 /* CleanroomDateTime.framework in Frameworks */,
				4A25CBA51CF3A61300F02CF8 /* PromiseKit.framework in Frameworks */,
				4A25CB9D1CF3A61300F02CF8 /* CleanroomConcurrency.framework in Frameworks */,
				4A25CBA31CF3A61300F02CF8 /* OMGHTTPURLRQ.framework in Frameworks */,
			);
			runOnlyForDeploymentPostprocessing = 0;
		};
		4AB9EFFF1BF637D1008B616C /* Frameworks */ = {
			isa = PBXFrameworksBuildPhase;
			buildActionMask = 2147483647;
			files = (
			);
			runOnlyForDeploymentPostprocessing = 0;
		};
/* End PBXFrameworksBuildPhase section */

/* Begin PBXGroup section */
		4A25C4DB1CF3A59B00F02CF8 /* Carthage */ = {
			isa = PBXGroup;
			children = (
				4A25C4DC1CF3A59B00F02CF8 /* Build */,
			);
			path = Carthage;
			sourceTree = "<group>";
		};
		4A25C4DC1CF3A59B00F02CF8 /* Build */ = {
			isa = PBXGroup;
			children = (
				4A25C4DD1CF3A59B00F02CF8 /* iOS */,
				4A25C4F21CF3A59B00F02CF8 /* Mac */,
				4A25C4FD1CF3A59B00F02CF8 /* tvOS */,
				4A25C50D1CF3A59B00F02CF8 /* watchOS */,
			);
			path = Build;
			sourceTree = "<group>";
		};
		4A25C4DD1CF3A59B00F02CF8 /* iOS */ = {
			isa = PBXGroup;
			children = (
				4A25C4E71CF3A59B00F02CF8 /* CleanroomConcurrency.framework */,
				4A25C4E91CF3A59B00F02CF8 /* CleanroomDataTransactions.framework */,
				4A25C4EB1CF3A59B00F02CF8 /* CleanroomDateTime.framework */,
				4A25C4EE1CF3A59B00F02CF8 /* OMGHTTPURLRQ.framework */,
				4A25C4F01CF3A59B00F02CF8 /* PromiseKit.framework */,
			);
			path = iOS;
			sourceTree = "<group>";
		};
		4A25C4F21CF3A59B00F02CF8 /* Mac */ = {
			isa = PBXGroup;
			children = (
				4A25C4F31CF3A59B00F02CF8 /* CleanroomConcurrency.framework */,
				4A25C4F51CF3A59B00F02CF8 /* CleanroomDataTransactions.framework */,
				4A25C4F71CF3A59B00F02CF8 /* CleanroomDateTime.framework */,
				4A25C4F91CF3A59B00F02CF8 /* OMGHTTPURLRQ.framework */,
				4A25C4FB1CF3A59B00F02CF8 /* PromiseKit.framework */,
			);
			path = Mac;
			sourceTree = "<group>";
		};
		4A25C4FD1CF3A59B00F02CF8 /* tvOS */ = {
			isa = PBXGroup;
			children = (
				4A25C5021CF3A59B00F02CF8 /* CleanroomConcurrency.framework */,
				4A25C5041CF3A59B00F02CF8 /* CleanroomDataTransactions.framework */,
				4A25C5061CF3A59B00F02CF8 /* CleanroomDateTime.framework */,
				4A25C5091CF3A59B00F02CF8 /* OMGHTTPURLRQ.framework */,
				4A25C50B1CF3A59B00F02CF8 /* PromiseKit.framework */,
			);
			path = tvOS;
			sourceTree = "<group>";
		};
		4A25C50D1CF3A59B00F02CF8 /* watchOS */ = {
			isa = PBXGroup;
			children = (
				4A25C5121CF3A59B00F02CF8 /* CleanroomConcurrency.framework */,
				4A25C5141CF3A59B00F02CF8 /* CleanroomDataTransactions.framework */,
				4A25C5161CF3A59B00F02CF8 /* CleanroomDateTime.framework */,
				4A25C5191CF3A59B00F02CF8 /* OMGHTTPURLRQ.framework */,
				4A25C51B1CF3A59B00F02CF8 /* PromiseKit.framework */,
			);
			path = watchOS;
			sourceTree = "<group>";
		};
		4A3C0E261CF391F3002DA677 /* BuildControl */ = {
			isa = PBXGroup;
			children = (
				4AAD7F3E1CF4793900B8DA65 /* Info.plist */,
			);
			path = BuildControl;
			sourceTree = "<group>";
		};
		4A3C14C51CF393C5002DA677 /* Tests */ = {
			isa = PBXGroup;
			children = (
				4A3C14C61CF393C5002DA677 /* FSVenuesTests.swift */,
				4A3C14C71CF393C5002DA677 /* Info.plist */,
			);
			path = Tests;
			sourceTree = "<group>";
		};
		4A3C14CC1CF39522002DA677 /* Sources */ = {
			isa = PBXGroup;
			children = (
				4A3C14CD1CF39522002DA677 /* ApidocClients */,
				4A3C14E41CF39522002DA677 /* UI */,
				4A3C14D51CF39522002DA677 /* AppDelegate.swift */,
			);
			path = Sources;
			sourceTree = "<group>";
		};
		4A3C14CD1CF39522002DA677 /* ApidocClients */ = {
			isa = PBXGroup;
			children = (
				4AAD7F3C1CF45F8600B8DA65 /* FourSquareAPIConstants.swift */,
				4AAD7F211CF4562F00B8DA65 /* FourSquare */,
			);
			path = ApidocClients;
			sourceTree = "<group>";
		};
		4A3C14E41CF39522002DA677 /* UI */ = {
			isa = PBXGroup;
			children = (
				4A3C14E61CF39522002DA677 /* Cells */,
				4A3C14E91CF39522002DA677 /* ViewControllers */,
			);
			path = UI;
			sourceTree = "<group>";
		};
		4A3C14E61CF39522002DA677 /* Cells */ = {
			isa = PBXGroup;
			children = (
				4A3C14E71CF39522002DA677 /* VenueTableHeaderViewCell.swift */,
				4A3C14E81CF39522002DA677 /* VenueTableViewCell.swift */,
			);
			path = Cells;
			sourceTree = "<group>";
		};
		4A3C14E91CF39522002DA677 /* ViewControllers */ = {
			isa = PBXGroup;
			children = (
				4A3C14EB1CF39522002DA677 /* UIViewControllerProgressIndicator.swift */,
				4A3C14EC1CF39522002DA677 /* VenueDetailsViewController.swift */,
				4A3C14ED1CF39522002DA677 /* VenueListViewController.swift */,
				4A3C14EE1CF39522002DA677 /* VenueListViewControllerCLLocationManagerDelegate.swift */,
			);
			path = ViewControllers;
			sourceTree = "<group>";
		};
		4AAD7F211CF4562F00B8DA65 /* FourSquare */ = {
			isa = PBXGroup;
			children = (
				4AAD7F221CF4562F00B8DA65 /* Model */,
				4AAD7F2C1CF4562F00B8DA65 /* Resource */,
			);
			path = FourSquare;
			sourceTree = "<group>";
		};
		4AAD7F221CF4562F00B8DA65 /* Model */ = {
			isa = PBXGroup;
			children = (
				4AAD7F231CF4562F00B8DA65 /* Foursquare.swift */,
				4AAD7F241CF4562F00B8DA65 /* Photo.swift */,
				4AAD7F251CF4562F00B8DA65 /* Venue.swift */,
				4AAD7F261CF4562F00B8DA65 /* VenueDetailsResponse.swift */,
				4AAD7F271CF4562F00B8DA65 /* VenueDetailsResponseWrapper.swift */,
				4AAD7F281CF4562F00B8DA65 /* VenueExploreResponse.swift */,
				4AAD7F291CF4562F00B8DA65 /* VenueExploreResponseWrapper.swift */,
				4AAD7F2A1CF4562F00B8DA65 /* VenueGroup.swift */,
				4AAD7F2B1CF4562F00B8DA65 /* VenueItem.swift */,
			);
			path = Model;
			sourceTree = "<group>";
		};
		4AAD7F2C1CF4562F00B8DA65 /* Resource */ = {
			isa = PBXGroup;
			children = (
				4AAD7F2D1CF4562F00B8DA65 /* VenueGetVenuesByVenueId.swift */,
				4AAD7F2E1CF4562F00B8DA65 /* VenueGetVenuesExplore.swift */,
			);
			path = Resource;
			sourceTree = "<group>";
		};
		4AB9EFE51BF637D1008B616C = {
			isa = PBXGroup;
			children = (
				4AAD7F0C1CF3B41300B8DA65 /* CoreLocation.framework */,
				4A3C14CC1CF39522002DA677 /* Sources */,
				4A3C0E261CF391F3002DA677 /* BuildControl */,
				4AB9EFEF1BF637D1008B616C /* Products */,
				4AFA6A781CF37F5A003FD5AE /* Resources */,
				4A3C14C51CF393C5002DA677 /* Tests */,
				4A25C4DB1CF3A59B00F02CF8 /* Carthage */,
				4A1458851CF3779F00694BBF /* Cartfile */,
				4A3C0E221CF390D9002DA677 /* Cartfile.resolved */,
				4AD1120A1C05E28800C90D63 /* README.md */,
			);
			sourceTree = "<group>";
		};
		4AB9EFEF1BF637D1008B616C /* Products */ = {
			isa = PBXGroup;
			children = (
				4AB9EFEE1BF637D1008B616C /* FSVenues.app */,
				4AB9F0021BF637D1008B616C /* FSVenuesTests.xctest */,
			);
			name = Products;
			sourceTree = "<group>";
		};
		4AFA6A781CF37F5A003FD5AE /* Resources */ = {
			isa = PBXGroup;
			children = (
				4AAD7F401CF47A5800B8DA65 /* default 13.00.58.gpx */,
				4A3C14D61CF39522002DA677 /* Assets.xcassets */,
				4A3C14D71CF39522002DA677 /* LaunchScreen.storyboard */,
				4AFA6A7A1CF37F5A003FD5AE /* screen1.png */,
				4AFA6A7B1CF37F5A003FD5AE /* screen2.png */,
			);
			path = Resources;
			sourceTree = "<group>";
		};
/* End PBXGroup section */

/* Begin PBXNativeTarget section */
		4AB9EFED1BF637D1008B616C /* FSVenues */ = {
			isa = PBXNativeTarget;
			buildConfigurationList = 4AB9F00B1BF637D1008B616C /* Build configuration list for PBXNativeTarget "FSVenues" */;
			buildPhases = (
				4AB9EFEA1BF637D1008B616C /* Sources */,
				4AB9EFEB1BF637D1008B616C /* Frameworks */,
				4AB9EFEC1BF637D1008B616C /* Resources */,
				4A25CBA71CF3A61300F02CF8 /* Embed Frameworks */,
			);
			buildRules = (
			);
			dependencies = (
			);
			name = FSVenues;
			productName = FSVenues;
			productReference = 4AB9EFEE1BF637D1008B616C /* FSVenues.app */;
			productType = "com.apple.product-type.application";
		};
		4AB9F0011BF637D1008B616C /* FSVenuesTests */ = {
			isa = PBXNativeTarget;
			buildConfigurationList = 4AB9F00E1BF637D1008B616C /* Build configuration list for PBXNativeTarget "FSVenuesTests" */;
			buildPhases = (
				4AB9EFFE1BF637D1008B616C /* Sources */,
				4AB9EFFF1BF637D1008B616C /* Frameworks */,
				4AB9F0001BF637D1008B616C /* Resources */,
			);
			buildRules = (
			);
			dependencies = (
				4AB9F0041BF637D1008B616C /* PBXTargetDependency */,
			);
			name = FSVenuesTests;
			productName = FSVenuesTests;
			productReference = 4AB9F0021BF637D1008B616C /* FSVenuesTests.xctest */;
			productType = "com.apple.product-type.bundle.unit-test";
		};
/* End PBXNativeTarget section */

/* Begin PBXProject section */
		4AB9EFE61BF637D1008B616C /* Project object */ = {
			isa = PBXProject;
			attributes = {
				LastSwiftUpdateCheck = 0730;
				LastUpgradeCheck = 0710;
				ORGANIZATIONNAME = "Natalia Bartol";
				TargetAttributes = {
					4AB9EFED1BF637D1008B616C = {
						CreatedOnToolsVersion = 7.1;
						DevelopmentTeam = PV5D9GH4L3;
						SystemCapabilities = {
							com.apple.Maps.iOS = {
								enabled = 1;
							};
						};
					};
					4AB9F0011BF637D1008B616C = {
						CreatedOnToolsVersion = 7.1;
						TestTargetID = 4AB9EFED1BF637D1008B616C;
					};
				};
			};
			buildConfigurationList = 4AB9EFE91BF637D1008B616C /* Build configuration list for PBXProject "FSVenues" */;
			compatibilityVersion = "Xcode 3.2";
			developmentRegion = English;
			hasScannedForEncodings = 0;
			knownRegions = (
				en,
				Base,
			);
			mainGroup = 4AB9EFE51BF637D1008B616C;
			productRefGroup = 4AB9EFEF1BF637D1008B616C /* Products */;
			projectDirPath = "";
			projectRoot = "";
			targets = (
				4AB9EFED1BF637D1008B616C /* FSVenues */,
				4AB9F0011BF637D1008B616C /* FSVenuesTests */,
			);
		};
/* End PBXProject section */

/* Begin PBXResourcesBuildPhase section */
		4AB9EFEC1BF637D1008B616C /* Resources */ = {
			isa = PBXResourcesBuildPhase;
			buildActionMask = 2147483647;
			files = (
				4AAD7F3F1CF4793900B8DA65 /* Info.plist in Resources */,
				4A3C14F41CF39522002DA677 /* Assets.xcassets in Resources */,
				4A3C14F51CF39522002DA677 /* LaunchScreen.storyboard in Resources */,
				4AAD7F411CF47A5800B8DA65 /* default 13.00.58.gpx in Resources */,
			);
			runOnlyForDeploymentPostprocessing = 0;
		};
		4AB9F0001BF637D1008B616C /* Resources */ = {
			isa = PBXResourcesBuildPhase;
			buildActionMask = 2147483647;
			files = (
			);
			runOnlyForDeploymentPostprocessing = 0;
		};
/* End PBXResourcesBuildPhase section */

/* Begin PBXSourcesBuildPhase section */
		4AB9EFEA1BF637D1008B616C /* Sources */ = {
			isa = PBXSourcesBuildPhase;
			buildActionMask = 2147483647;
			files = (
				4AAD7F301CF4562F00B8DA65 /* Photo.swift in Sources */,
				4AAD7F351CF4562F00B8DA65 /* VenueExploreResponseWrapper.swift in Sources */,
				4AAD7F3D1CF45F8600B8DA65 /* FourSquareAPIConstants.swift in Sources */,
				4A3C15011CF39522002DA677 /* UIViewControllerProgressIndicator.swift in Sources */,
				4AAD7F341CF4562F00B8DA65 /* VenueExploreResponse.swift in Sources */,
				4A3C14FF1CF39522002DA677 /* VenueTableViewCell.swift in Sources */,
				4AAD7F361CF4562F00B8DA65 /* VenueGroup.swift in Sources */,
				4AAD7F321CF4562F00B8DA65 /* VenueDetailsResponse.swift in Sources */,
				4A3C15021CF39522002DA677 /* VenueDetailsViewController.swift in Sources */,
				4A3C14FE1CF39522002DA677 /* VenueTableHeaderViewCell.swift in Sources */,
				4AAD7F2F1CF4562F00B8DA65 /* Foursquare.swift in Sources */,
				4AAD7F311CF4562F00B8DA65 /* Venue.swift in Sources */,
				4A3C14F31CF39522002DA677 /* AppDelegate.swift in Sources */,
				4AAD7F391CF4562F00B8DA65 /* VenueGetVenuesExplore.swift in Sources */,
				4AAD7F371CF4562F00B8DA65 /* VenueItem.swift in Sources */,
				4A3C15031CF39522002DA677 /* VenueListViewController.swift in Sources */,
				4A3C15041CF39522002DA677 /* VenueListViewControllerCLLocationManagerDelegate.swift in Sources */,
				4AAD7F331CF4562F00B8DA65 /* VenueDetailsResponseWrapper.swift in Sources */,
				4AAD7F381CF4562F00B8DA65 /* VenueGetVenuesByVenueId.swift in Sources */,
			);
			runOnlyForDeploymentPostprocessing = 0;
		};
		4AB9EFFE1BF637D1008B616C /* Sources */ = {
			isa = PBXSourcesBuildPhase;
			buildActionMask = 2147483647;
			files = (
				4A3C14CA1CF393FE002DA677 /* FSVenuesTests.swift in Sources */,
				4A3C14CB1CF393FE002DA677 /* Info.plist in Sources */,
			);
			runOnlyForDeploymentPostprocessing = 0;
		};
/* End PBXSourcesBuildPhase section */

/* Begin PBXTargetDependency section */
		4AB9F0041BF637D1008B616C /* PBXTargetDependency */ = {
			isa = PBXTargetDependency;
			target = 4AB9EFED1BF637D1008B616C /* FSVenues */;
			targetProxy = 4AB9F0031BF637D1008B616C /* PBXContainerItemProxy */;
		};
/* End PBXTargetDependency section */

/* Begin PBXVariantGroup section */
		4A3C14D71CF39522002DA677 /* LaunchScreen.storyboard */ = {
			isa = PBXVariantGroup;
			children = (
				4A3C14D81CF39522002DA677 /* Base */,
			);
			name = LaunchScreen.storyboard;
			path = ../Sources;
			sourceTree = "<group>";
		};
/* End PBXVariantGroup section */

/* Begin XCBuildConfiguration section */
		4AB9F0091BF637D1008B616C /* Debug */ = {
			isa = XCBuildConfiguration;
			buildSettings = {
				ALWAYS_SEARCH_USER_PATHS = YES;
				CLANG_CXX_LANGUAGE_STANDARD = "gnu++0x";
				CLANG_CXX_LIBRARY = "libc++";
				CLANG_ENABLE_MODULES = YES;
				CLANG_ENABLE_OBJC_ARC = YES;
				CLANG_WARN_BOOL_CONVERSION = YES;
				CLANG_WARN_CONSTANT_CONVERSION = YES;
				CLANG_WARN_DIRECT_OBJC_ISA_USAGE = YES_ERROR;
				CLANG_WARN_EMPTY_BODY = YES;
				CLANG_WARN_ENUM_CONVERSION = YES;
				CLANG_WARN_INT_CONVERSION = YES;
				CLANG_WARN_OBJC_ROOT_CLASS = YES_ERROR;
				CLANG_WARN_UNREACHABLE_CODE = YES;
				CLANG_WARN__DUPLICATE_METHOD_MATCH = YES;
				"CODE_SIGN_IDENTITY[sdk=iphoneos*]" = "iPhone Developer";
				COPY_PHASE_STRIP = NO;
				DEBUG_INFORMATION_FORMAT = dwarf;
				"DYLIB_INSTALL_NAME_BASE[arch=*]" = "@rpath";
				ENABLE_STRICT_OBJC_MSGSEND = YES;
				ENABLE_TESTABILITY = YES;
				"FRAMEWORK_SEARCH_PATHS[arch=*]" = (
					"$(inherited)",
					"$(BUILT_PRODUCTS_DIR)",
					"$(PROJECT_DIR)/Carthage/Build/iOS",
				);
				GCC_C_LANGUAGE_STANDARD = gnu99;
				GCC_DYNAMIC_NO_PIC = NO;
				GCC_NO_COMMON_BLOCKS = YES;
				GCC_OPTIMIZATION_LEVEL = 0;
				GCC_PREPROCESSOR_DEFINITIONS = (
					"DEBUG=1",
					"$(inherited)",
				);
				GCC_WARN_64_TO_32_BIT_CONVERSION = YES;
				GCC_WARN_ABOUT_RETURN_TYPE = YES_ERROR;
				GCC_WARN_UNDECLARED_SELECTOR = YES;
				GCC_WARN_UNINITIALIZED_AUTOS = YES_AGGRESSIVE;
				GCC_WARN_UNUSED_FUNCTION = YES;
				GCC_WARN_UNUSED_VARIABLE = YES;
				IPHONEOS_DEPLOYMENT_TARGET = 9.1;
				"LD_RUNPATH_SEARCH_PATHS[arch=*]" = "$(inherited) @executable_path/Frameworks @loader_path/Frameworks";
				MTL_ENABLE_DEBUG_INFO = YES;
				ONLY_ACTIVE_ARCH = YES;
				SDKROOT = iphoneos;
				SWIFT_OPTIMIZATION_LEVEL = "-Onone";
				TARGETED_DEVICE_FAMILY = "1,2";
			};
			name = Debug;
		};
		4AB9F00A1BF637D1008B616C /* Release */ = {
			isa = XCBuildConfiguration;
			buildSettings = {
				ALWAYS_SEARCH_USER_PATHS = YES;
				CLANG_CXX_LANGUAGE_STANDARD = "gnu++0x";
				CLANG_CXX_LIBRARY = "libc++";
				CLANG_ENABLE_MODULES = YES;
				CLANG_ENABLE_OBJC_ARC = YES;
				CLANG_WARN_BOOL_CONVERSION = YES;
				CLANG_WARN_CONSTANT_CONVERSION = YES;
				CLANG_WARN_DIRECT_OBJC_ISA_USAGE = YES_ERROR;
				CLANG_WARN_EMPTY_BODY = YES;
				CLANG_WARN_ENUM_CONVERSION = YES;
				CLANG_WARN_INT_CONVERSION = YES;
				CLANG_WARN_OBJC_ROOT_CLASS = YES_ERROR;
				CLANG_WARN_UNREACHABLE_CODE = YES;
				CLANG_WARN__DUPLICATE_METHOD_MATCH = YES;
				"CODE_SIGN_IDENTITY[sdk=iphoneos*]" = "iPhone Developer";
				COPY_PHASE_STRIP = NO;
				DEBUG_INFORMATION_FORMAT = "dwarf-with-dsym";
				"DYLIB_INSTALL_NAME_BASE[arch=*]" = "@rpath";
				ENABLE_NS_ASSERTIONS = NO;
				ENABLE_STRICT_OBJC_MSGSEND = YES;
				"FRAMEWORK_SEARCH_PATHS[arch=*]" = "";
				GCC_C_LANGUAGE_STANDARD = gnu99;
				GCC_NO_COMMON_BLOCKS = YES;
				GCC_WARN_64_TO_32_BIT_CONVERSION = YES;
				GCC_WARN_ABOUT_RETURN_TYPE = YES_ERROR;
				GCC_WARN_UNDECLARED_SELECTOR = YES;
				GCC_WARN_UNINITIALIZED_AUTOS = YES_AGGRESSIVE;
				GCC_WARN_UNUSED_FUNCTION = YES;
				GCC_WARN_UNUSED_VARIABLE = YES;
				IPHONEOS_DEPLOYMENT_TARGET = 9.1;
				MTL_ENABLE_DEBUG_INFO = NO;
				SDKROOT = iphoneos;
				TARGETED_DEVICE_FAMILY = "1,2";
				VALIDATE_PRODUCT = YES;
			};
			name = Release;
		};
		4AB9F00C1BF637D1008B616C /* Debug */ = {
			isa = XCBuildConfiguration;
			buildSettings = {
				ASSETCATALOG_COMPILER_APPICON_NAME = AppIcon;
				CODE_SIGN_IDENTITY = "iPhone Developer";
				"CODE_SIGN_IDENTITY[sdk=iphoneos*]" = "iPhone Developer";
				FRAMEWORK_SEARCH_PATHS = (
					"$(inherited)",
					"$(PROJECT_DIR)/Carthage/Build/iOS",
					"$(PROJECT_DIR)/Carthage/Build/Mac",
					"$(PROJECT_DIR)/Carthage/Build/tvOS",
					"$(PROJECT_DIR)/Carthage/Build/watchOS",
				);
				INFOPLIST_FILE = BuildControl/Info.plist;
				IPHONEOS_DEPLOYMENT_TARGET = 9.0;
				LD_RUNPATH_SEARCH_PATHS = "$(inherited) @executable_path/Frameworks";
				PRODUCT_BUNDLE_IDENTIFIER = com.example.nbartol.FSVenues;
				PRODUCT_NAME = "$(TARGET_NAME)";
				PROVISIONING_PROFILE = "";
				TARGETED_DEVICE_FAMILY = "1,2";
			};
			name = Debug;
		};
		4AB9F00D1BF637D1008B616C /* Release */ = {
			isa = XCBuildConfiguration;
			buildSettings = {
				ASSETCATALOG_COMPILER_APPICON_NAME = AppIcon;
				CODE_SIGN_IDENTITY = "iPhone Developer";
				"CODE_SIGN_IDENTITY[sdk=iphoneos*]" = "iPhone Developer";
				FRAMEWORK_SEARCH_PATHS = (
					"$(inherited)",
					"$(PROJECT_DIR)/Carthage/Build/iOS",
					"$(PROJECT_DIR)/Carthage/Build/Mac",
					"$(PROJECT_DIR)/Carthage/Build/tvOS",
					"$(PROJECT_DIR)/Carthage/Build/watchOS",
				);
				"FRAMEWORK_SEARCH_PATHS[arch=*]" = (
					"$(inherited)",
					"$(PROJECT_DIR)/Carthage/Build/iOS",
					"$(PROJECT_DIR)/Carthage/Build/Mac",
					"$(PROJECT_DIR)/Carthage/Build/tvOS",
					"$(PROJECT_DIR)/Carthage/Build/watchOS",
				);
				INFOPLIST_FILE = BuildControl/Info.plist;
				IPHONEOS_DEPLOYMENT_TARGET = 9.0;
				LD_RUNPATH_SEARCH_PATHS = "$(inherited) @executable_path/Frameworks";
				PRODUCT_BUNDLE_IDENTIFIER = com.example.nbartol.FSVenues;
				PRODUCT_NAME = "$(TARGET_NAME)";
				PROVISIONING_PROFILE = "";
				TARGETED_DEVICE_FAMILY = "1,2";
			};
			name = Release;
		};
		4AB9F00F1BF637D1008B616C /* Debug */ = {
			isa = XCBuildConfiguration;
			buildSettings = {
				BUNDLE_LOADER = "$(TEST_HOST)";
				INFOPLIST_FILE = FSVenuesTests/Info.plist;
				LD_RUNPATH_SEARCH_PATHS = "$(inherited) @executable_path/Frameworks @loader_path/Frameworks";
				PRODUCT_BUNDLE_IDENTIFIER = com.example.nbartol.FSVenuesTests;
				PRODUCT_NAME = "$(TARGET_NAME)";
				TEST_HOST = "$(BUILT_PRODUCTS_DIR)/FSVenues.app/FSVenues";
			};
			name = Debug;
		};
		4AB9F0101BF637D1008B616C /* Release */ = {
			isa = XCBuildConfiguration;
			buildSettings = {
				BUNDLE_LOADER = "$(TEST_HOST)";
				INFOPLIST_FILE = FSVenuesTests/Info.plist;
				LD_RUNPATH_SEARCH_PATHS = "$(inherited) @executable_path/Frameworks @loader_path/Frameworks";
				PRODUCT_BUNDLE_IDENTIFIER = com.example.nbartol.FSVenuesTests;
				PRODUCT_NAME = "$(TARGET_NAME)";
				TEST_HOST = "$(BUILT_PRODUCTS_DIR)/FSVenues.app/FSVenues";
			};
			name = Release;
		};
/* End XCBuildConfiguration section */

/* Begin XCConfigurationList section */
		4AB9EFE91BF637D1008B616C /* Build configuration list for PBXProject "FSVenues" */ = {
			isa = XCConfigurationList;
			buildConfigurations = (
				4AB9F0091BF637D1008B616C /* Debug */,
				4AB9F00A1BF637D1008B616C /* Release */,
			);
			defaultConfigurationIsVisible = 0;
			defaultConfigurationName = Release;
		};
		4AB9F00B1BF637D1008B616C /* Build configuration list for PBXNativeTarget "FSVenues" */ = {
			isa = XCConfigurationList;
			buildConfigurations = (
				4AB9F00C1BF637D1008B616C /* Debug */,
				4AB9F00D1BF637D1008B616C /* Release */,
			);
			defaultConfigurationIsVisible = 0;
			defaultConfigurationName = Release;
		};
		4AB9F00E1BF637D1008B616C /* Build configuration list for PBXNativeTarget "FSVenuesTests" */ = {
			isa = XCConfigurationList;
			buildConfigurations = (
				4AB9F00F1BF637D1008B616C /* Debug */,
				4AB9F0101BF637D1008B616C /* Release */,
			);
			defaultConfigurationIsVisible = 0;
			defaultConfigurationName = Release;
		};
/* End XCConfigurationList section */
	};
	rootObject = 4AB9EFE61BF637D1008B616C /* Project object */;
}
